
Microsoft Visual Studio Solution File, Format Version 12.00
# Visual Studio Version 16
VisualStudioVersion = 16.0.32630.194
MinimumVisualStudioVersion = 10.0.40219.1
Project("{FAE04EC0-301F-11D3-BF4B-00C04F79EFBC}") = "semana16-1", "semana16-1\semana16-1.csproj", "{036A7629-E00F-4043-96EA-030ABC827244}"
EndProject
Global
	GlobalSection(SolutionConfigurationPlatforms) = preSolution
		Debug|Any CPU = Debug|Any CPU
		Release|Any CPU = Release|Any CPU
	EndGlobalSection
	GlobalSection(ProjectConfigurationPlatforms) = postSolution
		{036A7629-E00F-4043-96EA-030ABC827244}.Debug|Any CPU.ActiveCfg = Debug|Any CPU
		{036A7629-E00F-4043-96EA-030ABC827244}.Debug|Any CPU.Build.0 = Debug|Any CPU
		{036A7629-E00F-4043-96EA-030ABC827244}.Release|Any CPU.ActiveCfg = Release|Any CPU
		{036A7629-E00F-4043-96EA-030ABC827244}.Release|Any CPU.Build.0 = Release|Any CPU
	EndGlobalSection
	GlobalSection(SolutionProperties) = preSolution
		HideSolutionNode = FALSE
	EndGlobalSection
	GlobalSection(ExtensibilityGlobals) = postSolution
		SolutionGuid = {B70DDE0B-9CC3-4B61-999A-B3A4493984A1}
	EndGlobalSection
EndGlobal
